// !$*UTF8*$!
{
	archiveVersion = 1;
	classes = {
	};
	objectVersion = 51;
	objects = {

/* Begin PBXBuildFile section */
		104F79DF21C683CB00870E31 /* WebViewController.swift in Sources */ = {isa = PBXBuildFile; fileRef = 104F79DE21C683CB00870E31 /* WebViewController.swift */; };
		1065098C22AD6F5E00AAE749 /* Overlay.swift in Sources */ = {isa = PBXBuildFile; fileRef = 1065098B22AD6F5E00AAE749 /* Overlay.swift */; };
		1075FAA3246892E50047CC79 /* SettingsManager.swift in Sources */ = {isa = PBXBuildFile; fileRef = 1075FAA2246892E50047CC79 /* SettingsManager.swift */; };
		108C0A0C23B6E55800B7E280 /* CoreVC.swift in Sources */ = {isa = PBXBuildFile; fileRef = 108C0A0B23B6E55800B7E280 /* CoreVC.swift */; };
		1093047B226E56AE002A567A /* AboutVC.swift in Sources */ = {isa = PBXBuildFile; fileRef = 1093047A226E56AE002A567A /* AboutVC.swift */; };
		10A4A7762466FFC4003CC398 /* SettingsVC.swift in Sources */ = {isa = PBXBuildFile; fileRef = 10A4A7752466FFC4003CC398 /* SettingsVC.swift */; };
		10EB1AA3214FE5EB00F5612E /* AppDelegate.swift in Sources */ = {isa = PBXBuildFile; fileRef = 10EB1AA2214FE5EB00F5612E /* AppDelegate.swift */; };
		10EB1AA7214FE5EC00F5612E /* Assets.xcassets in Resources */ = {isa = PBXBuildFile; fileRef = 10EB1AA6214FE5EC00F5612E /* Assets.xcassets */; };
		10EB1AAA214FE5EC00F5612E /* Main.storyboard in Resources */ = {isa = PBXBuildFile; fileRef = 10EB1AA8214FE5EC00F5612E /* Main.storyboard */; };
		10EB1AB3214FEBCB00F5612E /* PopoverVC.swift in Sources */ = {isa = PBXBuildFile; fileRef = 10EB1AB2214FEBCB00F5612E /* PopoverVC.swift */; };
		CA67501347D03EB2F6F4982B /* Pods_XaBar.framework in Frameworks */ = {isa = PBXBuildFile; fileRef = 987BE0FFD760138A6AD12E68 /* Pods_XaBar.framework */; };
/* End PBXBuildFile section */

/* Begin PBXFileReference section */
		101850B12464CF6300B68C33 /* en */ = {isa = PBXFileReference; lastKnownFileType = text.plist.strings; name = en; path = en.lproj/Main.strings; sourceTree = "<group>"; };
		101850B22464D77700B68C33 /* cs-CZ */ = {isa = PBXFileReference; lastKnownFileType = text.plist.strings; name = "cs-CZ"; path = "cs-CZ.lproj/Main.strings"; sourceTree = "<group>"; };
		104F79DE21C683CB00870E31 /* WebViewController.swift */ = {isa = PBXFileReference; lastKnownFileType = sourcecode.swift; path = WebViewController.swift; sourceTree = "<group>"; };
		1065098B22AD6F5E00AAE749 /* Overlay.swift */ = {isa = PBXFileReference; lastKnownFileType = sourcecode.swift; path = Overlay.swift; sourceTree = "<group>"; };
		1075FAA2246892E50047CC79 /* SettingsManager.swift */ = {isa = PBXFileReference; fileEncoding = 4; lastKnownFileType = sourcecode.swift; path = SettingsManager.swift; sourceTree = "<group>"; };
		108C0A0B23B6E55800B7E280 /* CoreVC.swift */ = {isa = PBXFileReference; lastKnownFileType = sourcecode.swift; path = CoreVC.swift; sourceTree = "<group>"; };
		1093047A226E56AE002A567A /* AboutVC.swift */ = {isa = PBXFileReference; lastKnownFileType = sourcecode.swift; path = AboutVC.swift; sourceTree = "<group>"; };
		10A4A7752466FFC4003CC398 /* SettingsVC.swift */ = {isa = PBXFileReference; lastKnownFileType = sourcecode.swift; path = SettingsVC.swift; sourceTree = "<group>"; };
		10EB1A9F214FE5EB00F5612E /* XaBar.app */ = {isa = PBXFileReference; explicitFileType = wrapper.application; includeInIndex = 0; path = XaBar.app; sourceTree = BUILT_PRODUCTS_DIR; };
		10EB1AA2214FE5EB00F5612E /* AppDelegate.swift */ = {isa = PBXFileReference; lastKnownFileType = sourcecode.swift; path = AppDelegate.swift; sourceTree = "<group>"; };
		10EB1AA6214FE5EC00F5612E /* Assets.xcassets */ = {isa = PBXFileReference; lastKnownFileType = folder.assetcatalog; path = Assets.xcassets; sourceTree = "<group>"; };
		10EB1AA9214FE5EC00F5612E /* Base */ = {isa = PBXFileReference; lastKnownFileType = file.storyboard; name = Base; path = Base.lproj/Main.storyboard; sourceTree = "<group>"; };
		10EB1AAB214FE5EC00F5612E /* Info.plist */ = {isa = PBXFileReference; lastKnownFileType = text.plist.xml; path = Info.plist; sourceTree = "<group>"; };
		10EB1AAC214FE5EC00F5612E /* XaBar.entitlements */ = {isa = PBXFileReference; lastKnownFileType = text.plist.entitlements; path = XaBar.entitlements; sourceTree = "<group>"; };
		10EB1AB2214FEBCB00F5612E /* PopoverVC.swift */ = {isa = PBXFileReference; lastKnownFileType = sourcecode.swift; path = PopoverVC.swift; sourceTree = "<group>"; };
		3A6510F77C707D64D7335423 /* Pods-XaBar.release.xcconfig */ = {isa = PBXFileReference; includeInIndex = 1; lastKnownFileType = text.xcconfig; name = "Pods-XaBar.release.xcconfig"; path = "Target Support Files/Pods-XaBar/Pods-XaBar.release.xcconfig"; sourceTree = "<group>"; };
		447040958E2F9782696A1E57 /* Pods-XaBar.debug.xcconfig */ = {isa = PBXFileReference; includeInIndex = 1; lastKnownFileType = text.xcconfig; name = "Pods-XaBar.debug.xcconfig"; path = "Target Support Files/Pods-XaBar/Pods-XaBar.debug.xcconfig"; sourceTree = "<group>"; };
		987BE0FFD760138A6AD12E68 /* Pods_XaBar.framework */ = {isa = PBXFileReference; explicitFileType = wrapper.framework; includeInIndex = 0; path = Pods_XaBar.framework; sourceTree = BUILT_PRODUCTS_DIR; };
/* End PBXFileReference section */

/* Begin PBXFrameworksBuildPhase section */
		10EB1A9C214FE5EB00F5612E /* Frameworks */ = {
			isa = PBXFrameworksBuildPhase;
			buildActionMask = 2147483647;
			files = (
				CA67501347D03EB2F6F4982B /* Pods_XaBar.framework in Frameworks */,
			);
			runOnlyForDeploymentPostprocessing = 0;
		};
/* End PBXFrameworksBuildPhase section */

/* Begin PBXGroup section */
		106E541A246553BC00F5EE3C /* Services */ = {
			isa = PBXGroup;
			children = (
				1075FAA1246892E50047CC79 /* SettingsManager */,
			);
			path = Services;
			sourceTree = "<group>";
		};
		1075FAA1246892E50047CC79 /* SettingsManager */ = {
			isa = PBXGroup;
			children = (
				1075FAA2246892E50047CC79 /* SettingsManager.swift */,
			);
			path = SettingsManager;
			sourceTree = "<group>";
		};
		1077B96321F3D26D008AFBD6 /* Elements */ = {
			isa = PBXGroup;
			children = (
				108C0A0923B6E51700B7E280 /* WebViewController */,
				108C0A0823B6E50600B7E280 /* Overlay */,
			);
			name = Elements;
			sourceTree = "<group>";
		};
		108C0A0823B6E50600B7E280 /* Overlay */ = {
			isa = PBXGroup;
			children = (
				1065098B22AD6F5E00AAE749 /* Overlay.swift */,
			);
			name = Overlay;
			sourceTree = "<group>";
		};
		108C0A0923B6E51700B7E280 /* WebViewController */ = {
			isa = PBXGroup;
			children = (
				104F79DE21C683CB00870E31 /* WebViewController.swift */,
			);
			name = WebViewController;
			sourceTree = "<group>";
		};
		108C0A0A23B6E53800B7E280 /* Core */ = {
			isa = PBXGroup;
			children = (
				108C0A0B23B6E55800B7E280 /* CoreVC.swift */,
			);
			name = Core;
			sourceTree = "<group>";
		};
		108C0A0D23B6E74A00B7E280 /* Core */ = {
			isa = PBXGroup;
			children = (
				10EB1AA2214FE5EB00F5612E /* AppDelegate.swift */,
			);
			name = Core;
			sourceTree = "<group>";
		};
		1093047C226E56D3002A567A /* ViewControllers */ = {
			isa = PBXGroup;
			children = (
				108C0A0A23B6E53800B7E280 /* Core */,
				10EB1AB2214FEBCB00F5612E /* PopoverVC.swift */,
				1093047A226E56AE002A567A /* AboutVC.swift */,
				10A4A7752466FFC4003CC398 /* SettingsVC.swift */,
			);
			name = ViewControllers;
			sourceTree = "<group>";
		};
		10EB1A96214FE5EB00F5612E = {
			isa = PBXGroup;
			children = (
				10EB1AA1214FE5EB00F5612E /* XaBar */,
				10EB1AA0214FE5EB00F5612E /* Products */,
				5A8463237D8583428776191B /* Pods */,
				48C664EB576F5FA804EFC876 /* Frameworks */,
			);
			sourceTree = "<group>";
		};
		10EB1AA0214FE5EB00F5612E /* Products */ = {
			isa = PBXGroup;
			children = (
				10EB1A9F214FE5EB00F5612E /* XaBar.app */,
			);
			name = Products;
			sourceTree = "<group>";
		};
		10EB1AA1214FE5EB00F5612E /* XaBar */ = {
			isa = PBXGroup;
			children = (
				108C0A0D23B6E74A00B7E280 /* Core */,
				106E541A246553BC00F5EE3C /* Services */,
				1077B96321F3D26D008AFBD6 /* Elements */,
				1093047C226E56D3002A567A /* ViewControllers */,
				10EB1AA6214FE5EC00F5612E /* Assets.xcassets */,
				10EB1AA8214FE5EC00F5612E /* Main.storyboard */,
				10EB1AAB214FE5EC00F5612E /* Info.plist */,
				10EB1AAC214FE5EC00F5612E /* XaBar.entitlements */,
			);
			path = XaBar;
			sourceTree = "<group>";
		};
		48C664EB576F5FA804EFC876 /* Frameworks */ = {
			isa = PBXGroup;
			children = (
				987BE0FFD760138A6AD12E68 /* Pods_XaBar.framework */,
			);
			name = Frameworks;
			sourceTree = "<group>";
		};
		5A8463237D8583428776191B /* Pods */ = {
			isa = PBXGroup;
			children = (
				447040958E2F9782696A1E57 /* Pods-XaBar.debug.xcconfig */,
				3A6510F77C707D64D7335423 /* Pods-XaBar.release.xcconfig */,
			);
			path = Pods;
			sourceTree = "<group>";
		};
/* End PBXGroup section */

/* Begin PBXNativeTarget section */
		10EB1A9E214FE5EB00F5612E /* XaBar */ = {
			isa = PBXNativeTarget;
			buildConfigurationList = 10EB1AAF214FE5EC00F5612E /* Build configuration list for PBXNativeTarget "XaBar" */;
			buildPhases = (
				92EE56EDB56F575592FB7EC6 /* [CP] Check Pods Manifest.lock */,
				10EB1A9B214FE5EB00F5612E /* Sources */,
				10EB1A9C214FE5EB00F5612E /* Frameworks */,
				10EB1A9D214FE5EB00F5612E /* Resources */,
				D1D61FC2E2D4AB9B37CA4270 /* [CP] Embed Pods Frameworks */,
			);
			buildRules = (
			);
			dependencies = (
			);
			name = XaBar;
			productName = MessengerMenubar2.0;
			productReference = 10EB1A9F214FE5EB00F5612E /* XaBar.app */;
			productType = "com.apple.product-type.application";
		};
/* End PBXNativeTarget section */

/* Begin PBXProject section */
		10EB1A97214FE5EB00F5612E /* Project object */ = {
			isa = PBXProject;
			attributes = {
				LastSwiftUpdateCheck = 0940;
				LastUpgradeCheck = 1100;
				ORGANIZATIONNAME = "Jan Kožnárek";
				TargetAttributes = {
					10EB1A9E214FE5EB00F5612E = {
						CreatedOnToolsVersion = 9.4.1;
						LastSwiftMigration = 1100;
					};
				};
			};
			buildConfigurationList = 10EB1A9A214FE5EB00F5612E /* Build configuration list for PBXProject "XaBar" */;
			compatibilityVersion = "Xcode 9.3";
			developmentRegion = en;
			hasScannedForEncodings = 0;
			knownRegions = (
				en,
				Base,
				"cs-CZ",
			);
			mainGroup = 10EB1A96214FE5EB00F5612E;
			productRefGroup = 10EB1AA0214FE5EB00F5612E /* Products */;
			projectDirPath = "";
			projectRoot = "";
			targets = (
				10EB1A9E214FE5EB00F5612E /* XaBar */,
			);
		};
/* End PBXProject section */

/* Begin PBXResourcesBuildPhase section */
		10EB1A9D214FE5EB00F5612E /* Resources */ = {
			isa = PBXResourcesBuildPhase;
			buildActionMask = 2147483647;
			files = (
				10EB1AA7214FE5EC00F5612E /* Assets.xcassets in Resources */,
				10EB1AAA214FE5EC00F5612E /* Main.storyboard in Resources */,
			);
			runOnlyForDeploymentPostprocessing = 0;
		};
/* End PBXResourcesBuildPhase section */

/* Begin PBXShellScriptBuildPhase section */
		92EE56EDB56F575592FB7EC6 /* [CP] Check Pods Manifest.lock */ = {
			isa = PBXShellScriptBuildPhase;
			buildActionMask = 2147483647;
			files = (
			);
			inputFileListPaths = (
			);
			inputPaths = (
				"${PODS_PODFILE_DIR_PATH}/Podfile.lock",
				"${PODS_ROOT}/Manifest.lock",
			);
			name = "[CP] Check Pods Manifest.lock";
			outputFileListPaths = (
			);
			outputPaths = (
				"$(DERIVED_FILE_DIR)/Pods-XaBar-checkManifestLockResult.txt",
			);
			runOnlyForDeploymentPostprocessing = 0;
			shellPath = /bin/sh;
			shellScript = "diff \"${PODS_PODFILE_DIR_PATH}/Podfile.lock\" \"${PODS_ROOT}/Manifest.lock\" > /dev/null\nif [ $? != 0 ] ; then\n    # print error to STDERR\n    echo \"error: The sandbox is not in sync with the Podfile.lock. Run 'pod install' or update your CocoaPods installation.\" >&2\n    exit 1\nfi\n# This output is used by Xcode 'outputs' to avoid re-running this script phase.\necho \"SUCCESS\" > \"${SCRIPT_OUTPUT_FILE_0}\"\n";
			showEnvVarsInLog = 0;
		};
		D1D61FC2E2D4AB9B37CA4270 /* [CP] Embed Pods Frameworks */ = {
			isa = PBXShellScriptBuildPhase;
			buildActionMask = 2147483647;
			files = (
			);
			inputFileListPaths = (
				"${PODS_ROOT}/Target Support Files/Pods-XaBar/Pods-XaBar-frameworks-${CONFIGURATION}-input-files.xcfilelist",
			);
			name = "[CP] Embed Pods Frameworks";
			outputFileListPaths = (
				"${PODS_ROOT}/Target Support Files/Pods-XaBar/Pods-XaBar-frameworks-${CONFIGURATION}-output-files.xcfilelist",
			);
			runOnlyForDeploymentPostprocessing = 0;
			shellPath = /bin/sh;
			shellScript = "\"${PODS_ROOT}/Target Support Files/Pods-XaBar/Pods-XaBar-frameworks.sh\"\n";
			showEnvVarsInLog = 0;
		};
/* End PBXShellScriptBuildPhase section */

/* Begin PBXSourcesBuildPhase section */
		10EB1A9B214FE5EB00F5612E /* Sources */ = {
			isa = PBXSourcesBuildPhase;
			buildActionMask = 2147483647;
			files = (
				1093047B226E56AE002A567A /* AboutVC.swift in Sources */,
				10EB1AB3214FEBCB00F5612E /* PopoverVC.swift in Sources */,
				1065098C22AD6F5E00AAE749 /* Overlay.swift in Sources */,
				104F79DF21C683CB00870E31 /* WebViewController.swift in Sources */,
				1075FAA3246892E50047CC79 /* SettingsManager.swift in Sources */,
				10A4A7762466FFC4003CC398 /* SettingsVC.swift in Sources */,
				10EB1AA3214FE5EB00F5612E /* AppDelegate.swift in Sources */,
				108C0A0C23B6E55800B7E280 /* CoreVC.swift in Sources */,
			);
			runOnlyForDeploymentPostprocessing = 0;
		};
/* End PBXSourcesBuildPhase section */

/* Begin PBXVariantGroup section */
		10EB1AA8214FE5EC00F5612E /* Main.storyboard */ = {
			isa = PBXVariantGroup;
			children = (
				10EB1AA9214FE5EC00F5612E /* Base */,
				101850B12464CF6300B68C33 /* en */,
				101850B22464D77700B68C33 /* cs-CZ */,
			);
			name = Main.storyboard;
			sourceTree = "<group>";
		};
/* End PBXVariantGroup section */

/* Begin XCBuildConfiguration section */
		10EB1AAD214FE5EC00F5612E /* Debug */ = {
			isa = XCBuildConfiguration;
			buildSettings = {
				ALWAYS_SEARCH_USER_PATHS = NO;
				CLANG_ANALYZER_LOCALIZABILITY_NONLOCALIZED = YES;
				CLANG_ANALYZER_NONNULL = YES;
				CLANG_ANALYZER_NUMBER_OBJECT_CONVERSION = YES_AGGRESSIVE;
				CLANG_CXX_LANGUAGE_STANDARD = "gnu++14";
				CLANG_CXX_LIBRARY = "libc++";
				CLANG_ENABLE_MODULES = YES;
				CLANG_ENABLE_OBJC_ARC = YES;
				CLANG_ENABLE_OBJC_WEAK = YES;
				CLANG_WARN_BLOCK_CAPTURE_AUTORELEASING = YES;
				CLANG_WARN_BOOL_CONVERSION = YES;
				CLANG_WARN_COMMA = YES;
				CLANG_WARN_CONSTANT_CONVERSION = YES;
				CLANG_WARN_DEPRECATED_OBJC_IMPLEMENTATIONS = YES;
				CLANG_WARN_DIRECT_OBJC_ISA_USAGE = YES_ERROR;
				CLANG_WARN_DOCUMENTATION_COMMENTS = YES;
				CLANG_WARN_EMPTY_BODY = YES;
				CLANG_WARN_ENUM_CONVERSION = YES;
				CLANG_WARN_INFINITE_RECURSION = YES;
				CLANG_WARN_INT_CONVERSION = YES;
				CLANG_WARN_NON_LITERAL_NULL_CONVERSION = YES;
				CLANG_WARN_OBJC_IMPLICIT_RETAIN_SELF = YES;
				CLANG_WARN_OBJC_LITERAL_CONVERSION = YES;
				CLANG_WARN_OBJC_ROOT_CLASS = YES_ERROR;
				CLANG_WARN_RANGE_LOOP_ANALYSIS = YES;
				CLANG_WARN_STRICT_PROTOTYPES = YES;
				CLANG_WARN_SUSPICIOUS_MOVE = YES;
				CLANG_WARN_UNGUARDED_AVAILABILITY = YES_AGGRESSIVE;
				CLANG_WARN_UNREACHABLE_CODE = YES;
				CLANG_WARN__DUPLICATE_METHOD_MATCH = YES;
				CODE_SIGN_IDENTITY = "-";
				COPY_PHASE_STRIP = NO;
				DEBUG_INFORMATION_FORMAT = dwarf;
				ENABLE_STRICT_OBJC_MSGSEND = YES;
				ENABLE_TESTABILITY = YES;
				GCC_C_LANGUAGE_STANDARD = gnu11;
				GCC_DYNAMIC_NO_PIC = NO;
				GCC_NO_COMMON_BLOCKS = YES;
				GCC_OPTIMIZATION_LEVEL = 0;
				GCC_PREPROCESSOR_DEFINITIONS = (
					"DEBUG=1",
					"$(inherited)",
				);
				GCC_WARN_64_TO_32_BIT_CONVERSION = YES;
				GCC_WARN_ABOUT_RETURN_TYPE = YES_ERROR;
				GCC_WARN_UNDECLARED_SELECTOR = YES;
				GCC_WARN_UNINITIALIZED_AUTOS = YES_AGGRESSIVE;
				GCC_WARN_UNUSED_FUNCTION = YES;
				GCC_WARN_UNUSED_VARIABLE = YES;
				MACOSX_DEPLOYMENT_TARGET = 10.14;
				MTL_ENABLE_DEBUG_INFO = YES;
				ONLY_ACTIVE_ARCH = YES;
				SDKROOT = macosx;
				SWIFT_ACTIVE_COMPILATION_CONDITIONS = DEBUG;
				SWIFT_OPTIMIZATION_LEVEL = "-Onone";
			};
			name = Debug;
		};
		10EB1AAE214FE5EC00F5612E /* Release */ = {
			isa = XCBuildConfiguration;
			buildSettings = {
				ALWAYS_SEARCH_USER_PATHS = NO;
				CLANG_ANALYZER_LOCALIZABILITY_NONLOCALIZED = YES;
				CLANG_ANALYZER_NONNULL = YES;
				CLANG_ANALYZER_NUMBER_OBJECT_CONVERSION = YES_AGGRESSIVE;
				CLANG_CXX_LANGUAGE_STANDARD = "gnu++14";
				CLANG_CXX_LIBRARY = "libc++";
				CLANG_ENABLE_MODULES = YES;
				CLANG_ENABLE_OBJC_ARC = YES;
				CLANG_ENABLE_OBJC_WEAK = YES;
				CLANG_WARN_BLOCK_CAPTURE_AUTORELEASING = YES;
				CLANG_WARN_BOOL_CONVERSION = YES;
				CLANG_WARN_COMMA = YES;
				CLANG_WARN_CONSTANT_CONVERSION = YES;
				CLANG_WARN_DEPRECATED_OBJC_IMPLEMENTATIONS = YES;
				CLANG_WARN_DIRECT_OBJC_ISA_USAGE = YES_ERROR;
				CLANG_WARN_DOCUMENTATION_COMMENTS = YES;
				CLANG_WARN_EMPTY_BODY = YES;
				CLANG_WARN_ENUM_CONVERSION = YES;
				CLANG_WARN_INFINITE_RECURSION = YES;
				CLANG_WARN_INT_CONVERSION = YES;
				CLANG_WARN_NON_LITERAL_NULL_CONVERSION = YES;
				CLANG_WARN_OBJC_IMPLICIT_RETAIN_SELF = YES;
				CLANG_WARN_OBJC_LITERAL_CONVERSION = YES;
				CLANG_WARN_OBJC_ROOT_CLASS = YES_ERROR;
				CLANG_WARN_RANGE_LOOP_ANALYSIS = YES;
				CLANG_WARN_STRICT_PROTOTYPES = YES;
				CLANG_WARN_SUSPICIOUS_MOVE = YES;
				CLANG_WARN_UNGUARDED_AVAILABILITY = YES_AGGRESSIVE;
				CLANG_WARN_UNREACHABLE_CODE = YES;
				CLANG_WARN__DUPLICATE_METHOD_MATCH = YES;
				CODE_SIGN_IDENTITY = "-";
				COPY_PHASE_STRIP = NO;
				DEBUG_INFORMATION_FORMAT = "dwarf-with-dsym";
				ENABLE_NS_ASSERTIONS = NO;
				ENABLE_STRICT_OBJC_MSGSEND = YES;
				GCC_C_LANGUAGE_STANDARD = gnu11;
				GCC_NO_COMMON_BLOCKS = YES;
				GCC_WARN_64_TO_32_BIT_CONVERSION = YES;
				GCC_WARN_ABOUT_RETURN_TYPE = YES_ERROR;
				GCC_WARN_UNDECLARED_SELECTOR = YES;
				GCC_WARN_UNINITIALIZED_AUTOS = YES_AGGRESSIVE;
				GCC_WARN_UNUSED_FUNCTION = YES;
				GCC_WARN_UNUSED_VARIABLE = YES;
				MACOSX_DEPLOYMENT_TARGET = 10.14;
				MTL_ENABLE_DEBUG_INFO = NO;
				SDKROOT = macosx;
				SWIFT_COMPILATION_MODE = wholemodule;
				SWIFT_OPTIMIZATION_LEVEL = "-O";
			};
			name = Release;
		};
		10EB1AB0214FE5EC00F5612E /* Debug */ = {
			isa = XCBuildConfiguration;
			baseConfigurationReference = 447040958E2F9782696A1E57 /* Pods-XaBar.debug.xcconfig */;
			buildSettings = {
				ASSETCATALOG_COMPILER_APPICON_NAME = AppIcon;
				CODE_SIGN_ENTITLEMENTS = XaBar/xabar.entitlements;
				CODE_SIGN_IDENTITY = "Mac Developer";
				CODE_SIGN_STYLE = Automatic;
				COMBINE_HIDPI_IMAGES = YES;
				CURRENT_PROJECT_VERSION = 3;
				DEVELOPMENT_TEAM = 47CWA3X24B;
				ENABLE_HARDENED_RUNTIME = YES;
				INFOPLIST_FILE = "$(SRCROOT)/XaBar/Info.plist";
				LD_RUNPATH_SEARCH_PATHS = (
					"$(inherited)",
					"@executable_path/../Frameworks",
				);
				MACOSX_DEPLOYMENT_TARGET = 10.14;
				MARKETING_VERSION = 1.1.2.1;
				PRODUCT_BUNDLE_IDENTIFIER = "eu.XaBar.XaBar-app";
				PRODUCT_NAME = "$(TARGET_NAME)";
				PROVISIONING_PROFILE_SPECIFIER = "";
				SWIFT_VERSION = 5.0;
			};
			name = Debug;
		};
		10EB1AB1214FE5EC00F5612E /* Release */ = {
			isa = XCBuildConfiguration;
			baseConfigurationReference = 3A6510F77C707D64D7335423 /* Pods-XaBar.release.xcconfig */;
			buildSettings = {
				ASSETCATALOG_COMPILER_APPICON_NAME = AppIcon;
				CODE_SIGN_ENTITLEMENTS = XaBar/xabar.entitlements;
				CODE_SIGN_IDENTITY = "Mac Developer";
				CODE_SIGN_STYLE = Automatic;
				COMBINE_HIDPI_IMAGES = YES;
				CURRENT_PROJECT_VERSION = 3;
				DEVELOPMENT_TEAM = 47CWA3X24B;
				ENABLE_HARDENED_RUNTIME = YES;
				INFOPLIST_FILE = "$(SRCROOT)/XaBar/Info.plist";
				LD_RUNPATH_SEARCH_PATHS = (
					"$(inherited)",
					"@executable_path/../Frameworks",
				);
				MACOSX_DEPLOYMENT_TARGET = 10.14;
				MARKETING_VERSION = 1.1.2.1;
				PRODUCT_BUNDLE_IDENTIFIER = "eu.XaBar.XaBar-app";
				PRODUCT_NAME = "$(TARGET_NAME)";
				PROVISIONING_PROFILE_SPECIFIER = "";
				SWIFT_VERSION = 5.0;
			};
			name = Release;
		};
/* End XCBuildConfiguration section */

/* Begin XCConfigurationList section */
		10EB1A9A214FE5EB00F5612E /* Build configuration list for PBXProject "XaBar" */ = {
			isa = XCConfigurationList;
			buildConfigurations = (
				10EB1AAD214FE5EC00F5612E /* Debug */,
				10EB1AAE214FE5EC00F5612E /* Release */,
			);
			defaultConfigurationIsVisible = 0;
			defaultConfigurationName = Release;
		};
		10EB1AAF214FE5EC00F5612E /* Build configuration list for PBXNativeTarget "XaBar" */ = {
			isa = XCConfigurationList;
			buildConfigurations = (
				10EB1AB0214FE5EC00F5612E /* Debug */,
				10EB1AB1214FE5EC00F5612E /* Release */,
			);
			defaultConfigurationIsVisible = 0;
			defaultConfigurationName = Release;
		};
/* End XCConfigurationList section */
	};
	rootObject = 10EB1A97214FE5EB00F5612E /* Project object */;
}
